<?xml version="1.0" encoding="utf-8"?>
<Project ToolsVersion="4.0" xmlns="http://schemas.microsoft.com/developer/msbuild/2003">
  <ItemGroup>
    <Filter Include="core">
      <UniqueIdentifier>{4E40957C-3A77-960D-E363-7C10CF79120F}</UniqueIdentifier>
    </Filter>
    <Filter Include="debug">
      <UniqueIdentifier>{2CA5490F-98B9-71C0-613B-1520CD0E6EF1}</UniqueIdentifier>
    </Filter>
    <Filter Include="util">
      <UniqueIdentifier>{43339F7C-2F6A-A00D-D856-8610C46C1C0F}</UniqueIdentifier>
    </Filter>
  </ItemGroup>
  <ItemGroup>
    <ClInclude Include="engine\Config.h" />
    <ClInclude Include="engine\Engine.h" />
    <ClInclude Include="engine\GfxCore.h" />
    <ClInclude Include="engine\RenderPass.h" />
    <ClInclude Include="engine\core\Core.h">
      <Filter>core</Filter>
    </ClInclude>
    <ClInclude Include="engine\core\Engine.h">
      <Filter>core</Filter>
    </ClInclude>
    <ClInclude Include="engine\core\Renderer.h">
      <Filter>core</Filter>
    </ClInclude>
    <ClInclude Include="engine\core\Window.h">
      <Filter>core</Filter>
    </ClInclude>
    <ClInclude Include="engine\debug\Logger.h">
      <Filter>debug</Filter>
    </ClInclude>
    <ClInclude Include="engine\util\StringUtil.h">
      <Filter>util</Filter>
    </ClInclude>
  </ItemGroup>
  <ItemGroup>
    <ClCompile Include="engine\Engine.cpp" />
    <ClCompile Include="engine\GfxCore.cpp" />
    <ClCompile Include="engine\core\Engine.cpp">
      <Filter>core</Filter>
    </ClCompile>
    <ClCompile Include="engine\core\Renderer.cpp">
      <Filter>core</Filter>
    </ClCompile>
    <ClCompile Include="engine\core\Window.cpp">
      <Filter>core</Filter>
    </ClCompile>
    <ClCompile Include="engine\debug\Logger.cpp">
      <Filter>debug</Filter>
    </ClCompile>
  </ItemGroup>
</Project>