
Microsoft Visual Studio Solution File, Format Version 12.00
# Visual Studio Version 16
Project("{8BC9CEB8-8B4A-11D0-8D11-00A0C91BC942}") = "Engine", "Engine.vcxproj", "{DBC7D3B0-C769-FE86-B024-12DB9C6585D7}"
EndProject
Project("{8BC9CEB8-8B4A-11D0-8D11-00A0C91BC942}") = "ImGui", "extern\imgui\ImGui.vcxproj", "{C0FF640D-2C14-8DBE-F595-301E616989EF}"
EndProject
Project("{8BC9CEB8-8B4A-11D0-8D11-00A0C91BC942}") = "Playground", "Playground.vcxproj", "{0A67447D-F61E-86CA-5F26-5F264BFD20BB}"
EndProject
Global
	GlobalSection(SolutionConfigurationPlatforms) = preSolution
		Debug|Win32 = Debug|Win32
		Release|Win32 = Release|Win32
	EndGlobalSection
	GlobalSection(ProjectConfigurationPlatforms) = postSolution
		{DBC7D3B0-C769-FE86-B024-12DB9C6585D7}.Debug|Win32.ActiveCfg = Debug|Win32
		{DBC7D3B0-C769-FE86-B024-12DB9C6585D7}.Debug|Win32.Build.0 = Debug|Win32
		{DBC7D3B0-C769-FE86-B024-12DB9C6585D7}.Release|Win32.ActiveCfg = Release|Win32
		{DBC7D3B0-C769-FE86-B024-12DB9C6585D7}.Release|Win32.Build.0 = Release|Win32
		{C0FF640D-2C14-8DBE-F595-301E616989EF}.Debug|Win32.ActiveCfg = Debug|Win32
		{C0FF640D-2C14-8DBE-F595-301E616989EF}.Debug|Win32.Build.0 = Debug|Win32
		{C0FF640D-2C14-8DBE-F595-301E616989EF}.Release|Win32.ActiveCfg = Release|Win32
		{C0FF640D-2C14-8DBE-F595-301E616989EF}.Release|Win32.Build.0 = Release|Win32
		{0A67447D-F61E-86CA-5F26-5F264BFD20BB}.Debug|Win32.ActiveCfg = Debug|Win32
		{0A67447D-F61E-86CA-5F26-5F264BFD20BB}.Debug|Win32.Build.0 = Debug|Win32
		{0A67447D-F61E-86CA-5F26-5F264BFD20BB}.Release|Win32.ActiveCfg = Release|Win32
		{0A67447D-F61E-86CA-5F26-5F264BFD20BB}.Release|Win32.Build.0 = Release|Win32
	EndGlobalSection
	GlobalSection(SolutionProperties) = preSolution
		HideSolutionNode = FALSE
	EndGlobalSection
EndGlobal
