<?xml version="1.0" encoding="utf-8"?>
<Project ToolsVersion="4.0" xmlns="http://schemas.microsoft.com/developer/msbuild/2003">
  <ItemGroup>
    <Filter Include="nature">
      <UniqueIdentifier>{945F930F-8001-BEE5-69BC-D13955FD4436}</UniqueIdentifier>
    </Filter>
    <Filter Include="sample">
      <UniqueIdentifier>{073E391B-F3DF-63F1-DC9A-7745C8DBEA41}</UniqueIdentifier>
    </Filter>
  </ItemGroup>
  <ItemGroup>
    <ClCompile Include="playground\nature\main.cpp">
      <Filter>nature</Filter>
    </ClCompile>
    <ClCompile Include="playground\sample\main.cpp">
      <Filter>sample</Filter>
    </ClCompile>
  </ItemGroup>
</Project>