<?xml version="1.0" encoding="utf-8"?>
<Project ToolsVersion="4.0" xmlns="http://schemas.microsoft.com/developer/msbuild/2003">
  <ItemGroup>
    <Filter Include="nature">
      <UniqueIdentifier>{945F930F-8001-BEE5-69BC-D13955FD4436}</UniqueIdentifier>
    </Filter>
    <Filter Include="sponza">
      <UniqueIdentifier>{A0BF491C-8C61-74F2-751C-8846615DFB42}</UniqueIdentifier>
    </Filter>
  </ItemGroup>
  <ItemGroup>
    <ClInclude Include="playground\PlaygroundSample.h" />
    <ClInclude Include="playground\nature\Nature.h">
      <Filter>nature</Filter>
    </ClInclude>
    <ClInclude Include="playground\nature\SceneRenderer.h">
      <Filter>nature</Filter>
    </ClInclude>
    <ClInclude Include="playground\sponza\Sponza.h">
      <Filter>sponza</Filter>
    </ClInclude>
  </ItemGroup>
  <ItemGroup>
    <ClCompile Include="playground\main.cpp" />
    <ClCompile Include="playground\nature\SceneRenderer.cpp">
      <Filter>nature</Filter>
    </ClCompile>
  </ItemGroup>
</Project>